
Microsoft Visual Studio Solution File, Format Version 12.00
# Visual Studio 15
VisualStudioVersion = 15.0.28307.136
MinimumVisualStudioVersion = 10.0.40219.1
Project("{FAE04EC0-301F-11D3-BF4B-00C04F79EFBC}") = "sharpbrikks", "sharp-brikks\sharpbrikks.csproj", "{E6D1C57E-8377-46A6-902F-44FDC3569AE4}"
EndProject
Global
	GlobalSection(SolutionConfigurationPlatforms) = preSolution
		Debug|Any CPU = Debug|Any CPU
		Release|Any CPU = Release|Any CPU
	EndGlobalSection
	GlobalSection(ProjectConfigurationPlatforms) = postSolution
		{E6D1C57E-8377-46A6-902F-44FDC3569AE4}.Debug|Any CPU.ActiveCfg = Debug|Any CPU
		{E6D1C57E-8377-46A6-902F-44FDC3569AE4}.Debug|Any CPU.Build.0 = Debug|Any CPU
		{E6D1C57E-8377-46A6-902F-44FDC3569AE4}.Release|Any CPU.ActiveCfg = Release|Any CPU
		{E6D1C57E-8377-46A6-902F-44FDC3569AE4}.Release|Any CPU.Build.0 = Release|Any CPU
	EndGlobalSection
	GlobalSection(SolutionProperties) = preSolution
		HideSolutionNode = FALSE
	EndGlobalSection
	GlobalSection(ExtensibilityGlobals) = postSolution
		SolutionGuid = {4F156D7D-4DB8-449F-B8B9-F822C339881A}
	EndGlobalSection
EndGlobal
